{
  "requires": true,
  "lockfileVersion": 1,
  "dependencies": {
    "react-native-fontawesome": {
      "version": "5.7.0",
      "resolved": "https://registry.npmjs.org/react-native-fontawesome/-/react-native-fontawesome-5.7.0.tgz",
      "integrity": "sha1-e/5XwhxlItBeryBkdJA8Pymb/A0="
    }
  }
}
